
Microsoft Visual Studio Solution File, Format Version 12.00
# Visual Studio Version 17
VisualStudioVersion = 17.4.33213.308
MinimumVisualStudioVersion = 10.0.40219.1
Project("{9A19103F-16F7-4668-BE54-9A1E7A4F7556}") = "Frequency", "Frequency.csproj", "{F1E924FB-8F1F-43F0-971F-EB326045B8D9}"
EndProject
Project("{54435603-DBB4-11D2-8724-00A0C9A8B90C}") = "SetupFrequencyAnalysis", "..\SetupFrequencyAnalysis\SetupFrequencyAnalysis.vdproj", "{493CE6A1-F7FF-46A3-9D01-0157E424EF79}"
EndProject
Global
	GlobalSection(SolutionConfigurationPlatforms) = preSolution
		Debug|Any CPU = Debug|Any CPU
		Release|Any CPU = Release|Any CPU
	EndGlobalSection
	GlobalSection(ProjectConfigurationPlatforms) = postSolution
		{F1E924FB-8F1F-43F0-971F-EB326045B8D9}.Debug|Any CPU.ActiveCfg = Debug|Any CPU
		{F1E924FB-8F1F-43F0-971F-EB326045B8D9}.Debug|Any CPU.Build.0 = Debug|Any CPU
		{F1E924FB-8F1F-43F0-971F-EB326045B8D9}.Release|Any CPU.ActiveCfg = Release|Any CPU
		{F1E924FB-8F1F-43F0-971F-EB326045B8D9}.Release|Any CPU.Build.0 = Release|Any CPU
		{493CE6A1-F7FF-46A3-9D01-0157E424EF79}.Debug|Any CPU.ActiveCfg = Debug
		{493CE6A1-F7FF-46A3-9D01-0157E424EF79}.Release|Any CPU.ActiveCfg = Release
	EndGlobalSection
	GlobalSection(SolutionProperties) = preSolution
		HideSolutionNode = FALSE
	EndGlobalSection
	GlobalSection(ExtensibilityGlobals) = postSolution
		SolutionGuid = {C0A7B6D6-9598-4CA8-993D-D8F2A3065117}
	EndGlobalSection
EndGlobal
